
Microsoft Visual Studio Solution File, Format Version 12.00
# Visual Studio Version 16
VisualStudioVersion = 16.0.30114.105
MinimumVisualStudioVersion = 10.0.40219.1
Project("{9A19103F-16F7-4668-BE54-9A1E7A4F7556}") = "ESourcing.Products", "Esourcing.Products\ESourcing.Products.csproj", "{FFF2C445-D993-4DE4-8A8B-5272A73F9671}"
EndProject
Project("{2150E333-8FDC-42A3-9474-1A3956D46DE8}") = "Products", "Products", "{57D1F4E1-8BD5-4FD3-B83C-ADC237CFDD42}"
EndProject
Project("{2150E333-8FDC-42A3-9474-1A3956D46DE8}") = "src", "src", "{E73C38D5-2BF0-4AE6-9150-D7E45689AE05}"
	ProjectSection(SolutionItems) = preProject
		..\..\..\mimaridiagram.PNG = ..\..\..\mimaridiagram.PNG
	EndProjectSection
EndProject
Project("{2150E333-8FDC-42A3-9474-1A3956D46DE8}") = "ApiGateway", "ApiGateway", "{5F090E1B-95B4-426E-8857-724B45BB8AF7}"
EndProject
Project("{2150E333-8FDC-42A3-9474-1A3956D46DE8}") = "WebApp", "WebApp", "{79A855AC-F5B2-4CEA-A016-1C6A274F7372}"
EndProject
Project("{2150E333-8FDC-42A3-9474-1A3956D46DE8}") = "Services", "Services", "{C66D4A37-DC60-442D-98D2-FACDC6C00AA8}"
EndProject
Project("{2150E333-8FDC-42A3-9474-1A3956D46DE8}") = "Common", "Common", "{68BC7829-50C5-4DC4-8112-4FEA4AB72843}"
EndProject
Project("{2150E333-8FDC-42A3-9474-1A3956D46DE8}") = "Sourcing", "Sourcing", "{1E212E18-FB75-4B61-ABC2-27538ACBE066}"
EndProject
Project("{2150E333-8FDC-42A3-9474-1A3956D46DE8}") = "Order", "Order", "{ED07ACBD-935D-4F9C-A193-2995F4977FD6}"
EndProject
Project("{E53339B2-1760-4266-BCC7-CA923CBCF16C}") = "docker-compose", "docker-compose.dcproj", "{EDAA2BBB-4957-4D73-AB06-57714048D207}"
EndProject
Project("{9A19103F-16F7-4668-BE54-9A1E7A4F7556}") = "Esourcing.Sourcing", "Esourcing.Sourcing\Esourcing.Sourcing\Esourcing.Sourcing.csproj", "{EBC2630C-BB3E-4AC9-9E7E-CE11603D971A}"
EndProject
Global
	GlobalSection(SolutionConfigurationPlatforms) = preSolution
		Debug|Any CPU = Debug|Any CPU
		Debug|x64 = Debug|x64
		Debug|x86 = Debug|x86
		Release|Any CPU = Release|Any CPU
		Release|x64 = Release|x64
		Release|x86 = Release|x86
	EndGlobalSection
	GlobalSection(ProjectConfigurationPlatforms) = postSolution
		{FFF2C445-D993-4DE4-8A8B-5272A73F9671}.Debug|Any CPU.ActiveCfg = Debug|Any CPU
		{FFF2C445-D993-4DE4-8A8B-5272A73F9671}.Debug|Any CPU.Build.0 = Debug|Any CPU
		{FFF2C445-D993-4DE4-8A8B-5272A73F9671}.Debug|x64.ActiveCfg = Debug|Any CPU
		{FFF2C445-D993-4DE4-8A8B-5272A73F9671}.Debug|x64.Build.0 = Debug|Any CPU
		{FFF2C445-D993-4DE4-8A8B-5272A73F9671}.Debug|x86.ActiveCfg = Debug|Any CPU
		{FFF2C445-D993-4DE4-8A8B-5272A73F9671}.Debug|x86.Build.0 = Debug|Any CPU
		{FFF2C445-D993-4DE4-8A8B-5272A73F9671}.Release|Any CPU.ActiveCfg = Release|Any CPU
		{FFF2C445-D993-4DE4-8A8B-5272A73F9671}.Release|Any CPU.Build.0 = Release|Any CPU
		{FFF2C445-D993-4DE4-8A8B-5272A73F9671}.Release|x64.ActiveCfg = Release|Any CPU
		{FFF2C445-D993-4DE4-8A8B-5272A73F9671}.Release|x64.Build.0 = Release|Any CPU
		{FFF2C445-D993-4DE4-8A8B-5272A73F9671}.Release|x86.ActiveCfg = Release|Any CPU
		{FFF2C445-D993-4DE4-8A8B-5272A73F9671}.Release|x86.Build.0 = Release|Any CPU
		{EDAA2BBB-4957-4D73-AB06-57714048D207}.Debug|Any CPU.ActiveCfg = Debug|Any CPU
		{EDAA2BBB-4957-4D73-AB06-57714048D207}.Debug|Any CPU.Build.0 = Debug|Any CPU
		{EDAA2BBB-4957-4D73-AB06-57714048D207}.Debug|x64.ActiveCfg = Debug|Any CPU
		{EDAA2BBB-4957-4D73-AB06-57714048D207}.Debug|x64.Build.0 = Debug|Any CPU
		{EDAA2BBB-4957-4D73-AB06-57714048D207}.Debug|x86.ActiveCfg = Debug|Any CPU
		{EDAA2BBB-4957-4D73-AB06-57714048D207}.Debug|x86.Build.0 = Debug|Any CPU
		{EDAA2BBB-4957-4D73-AB06-57714048D207}.Release|Any CPU.ActiveCfg = Release|Any CPU
		{EDAA2BBB-4957-4D73-AB06-57714048D207}.Release|Any CPU.Build.0 = Release|Any CPU
		{EDAA2BBB-4957-4D73-AB06-57714048D207}.Release|x64.ActiveCfg = Release|Any CPU
		{EDAA2BBB-4957-4D73-AB06-57714048D207}.Release|x64.Build.0 = Release|Any CPU
		{EDAA2BBB-4957-4D73-AB06-57714048D207}.Release|x86.ActiveCfg = Release|Any CPU
		{EDAA2BBB-4957-4D73-AB06-57714048D207}.Release|x86.Build.0 = Release|Any CPU
		{EBC2630C-BB3E-4AC9-9E7E-CE11603D971A}.Debug|Any CPU.ActiveCfg = Debug|Any CPU
		{EBC2630C-BB3E-4AC9-9E7E-CE11603D971A}.Debug|Any CPU.Build.0 = Debug|Any CPU
		{EBC2630C-BB3E-4AC9-9E7E-CE11603D971A}.Debug|x64.ActiveCfg = Debug|Any CPU
		{EBC2630C-BB3E-4AC9-9E7E-CE11603D971A}.Debug|x64.Build.0 = Debug|Any CPU
		{EBC2630C-BB3E-4AC9-9E7E-CE11603D971A}.Debug|x86.ActiveCfg = Debug|Any CPU
		{EBC2630C-BB3E-4AC9-9E7E-CE11603D971A}.Debug|x86.Build.0 = Debug|Any CPU
		{EBC2630C-BB3E-4AC9-9E7E-CE11603D971A}.Release|Any CPU.ActiveCfg = Release|Any CPU
		{EBC2630C-BB3E-4AC9-9E7E-CE11603D971A}.Release|Any CPU.Build.0 = Release|Any CPU
		{EBC2630C-BB3E-4AC9-9E7E-CE11603D971A}.Release|x64.ActiveCfg = Release|Any CPU
		{EBC2630C-BB3E-4AC9-9E7E-CE11603D971A}.Release|x64.Build.0 = Release|Any CPU
		{EBC2630C-BB3E-4AC9-9E7E-CE11603D971A}.Release|x86.ActiveCfg = Release|Any CPU
		{EBC2630C-BB3E-4AC9-9E7E-CE11603D971A}.Release|x86.Build.0 = Release|Any CPU
	EndGlobalSection
	GlobalSection(SolutionProperties) = preSolution
		HideSolutionNode = FALSE
	EndGlobalSection
	GlobalSection(NestedProjects) = preSolution
		{FFF2C445-D993-4DE4-8A8B-5272A73F9671} = {57D1F4E1-8BD5-4FD3-B83C-ADC237CFDD42}
		{57D1F4E1-8BD5-4FD3-B83C-ADC237CFDD42} = {C66D4A37-DC60-442D-98D2-FACDC6C00AA8}
		{5F090E1B-95B4-426E-8857-724B45BB8AF7} = {E73C38D5-2BF0-4AE6-9150-D7E45689AE05}
		{79A855AC-F5B2-4CEA-A016-1C6A274F7372} = {E73C38D5-2BF0-4AE6-9150-D7E45689AE05}
		{C66D4A37-DC60-442D-98D2-FACDC6C00AA8} = {E73C38D5-2BF0-4AE6-9150-D7E45689AE05}
		{68BC7829-50C5-4DC4-8112-4FEA4AB72843} = {C66D4A37-DC60-442D-98D2-FACDC6C00AA8}
		{1E212E18-FB75-4B61-ABC2-27538ACBE066} = {C66D4A37-DC60-442D-98D2-FACDC6C00AA8}
		{ED07ACBD-935D-4F9C-A193-2995F4977FD6} = {C66D4A37-DC60-442D-98D2-FACDC6C00AA8}
		{EBC2630C-BB3E-4AC9-9E7E-CE11603D971A} = {1E212E18-FB75-4B61-ABC2-27538ACBE066}
	EndGlobalSection
	GlobalSection(ExtensibilityGlobals) = postSolution
		SolutionGuid = {B4E12D38-1CA6-4EF5-B3B7-174184F0A9C4}
	EndGlobalSection
EndGlobal
